
Microsoft Visual Studio Solution File, Format Version 12.00
# Visual Studio Version 16
VisualStudioVersion = 16.0.30907.101
MinimumVisualStudioVersion = 10.0.40219.1
Project("{FAE04EC0-301F-11D3-BF4B-00C04F79EFBC}") = "AutomaticContainrizationAzureProject", "AutomaticContainrizationAzureProject.csproj", "{89A15FD0-87A7-4C76-A60E-5D6CEE75642A}"
EndProject
Global
	GlobalSection(SolutionConfigurationPlatforms) = preSolution
		Debug|Any CPU = Debug|Any CPU
		Release|Any CPU = Release|Any CPU
	EndGlobalSection
	GlobalSection(ProjectConfigurationPlatforms) = postSolution
		{89A15FD0-87A7-4C76-A60E-5D6CEE75642A}.Debug|Any CPU.ActiveCfg = Debug|Any CPU
		{89A15FD0-87A7-4C76-A60E-5D6CEE75642A}.Debug|Any CPU.Build.0 = Debug|Any CPU
		{89A15FD0-87A7-4C76-A60E-5D6CEE75642A}.Release|Any CPU.ActiveCfg = Release|Any CPU
		{89A15FD0-87A7-4C76-A60E-5D6CEE75642A}.Release|Any CPU.Build.0 = Release|Any CPU
	EndGlobalSection
	GlobalSection(SolutionProperties) = preSolution
		HideSolutionNode = FALSE
	EndGlobalSection
	GlobalSection(ExtensibilityGlobals) = postSolution
		SolutionGuid = {1780833D-63FE-40FF-BB72-C563E08FD384}
	EndGlobalSection
EndGlobal
